
Microsoft Visual Studio Solution File, Format Version 12.00
# Visual Studio 15
VisualStudioVersion = 15.0.27428.2002
MinimumVisualStudioVersion = 10.0.40219.1
Project("{FAE04EC0-301F-11D3-BF4B-00C04F79EFBC}") = "Api", "Api\Api.csproj", "{65D575A7-1834-44DD-B4CC-6EFEE68FA9BE}"
EndProject
Project("{FAE04EC0-301F-11D3-BF4B-00C04F79EFBC}") = "Domain", "Domain\Domain.csproj", "{45AFA5E8-0388-45EE-BB89-9AC1A8F7E162}"
EndProject
Global
	GlobalSection(SolutionConfigurationPlatforms) = preSolution
		Debug|Any CPU = Debug|Any CPU
		Release|Any CPU = Release|Any CPU
	EndGlobalSection
	GlobalSection(ProjectConfigurationPlatforms) = postSolution
		{65D575A7-1834-44DD-B4CC-6EFEE68FA9BE}.Debug|Any CPU.ActiveCfg = Debug|Any CPU
		{65D575A7-1834-44DD-B4CC-6EFEE68FA9BE}.Debug|Any CPU.Build.0 = Debug|Any CPU
		{65D575A7-1834-44DD-B4CC-6EFEE68FA9BE}.Release|Any CPU.ActiveCfg = Release|Any CPU
		{65D575A7-1834-44DD-B4CC-6EFEE68FA9BE}.Release|Any CPU.Build.0 = Release|Any CPU
		{45AFA5E8-0388-45EE-BB89-9AC1A8F7E162}.Debug|Any CPU.ActiveCfg = Debug|Any CPU
		{45AFA5E8-0388-45EE-BB89-9AC1A8F7E162}.Debug|Any CPU.Build.0 = Debug|Any CPU
		{45AFA5E8-0388-45EE-BB89-9AC1A8F7E162}.Release|Any CPU.ActiveCfg = Release|Any CPU
		{45AFA5E8-0388-45EE-BB89-9AC1A8F7E162}.Release|Any CPU.Build.0 = Release|Any CPU
	EndGlobalSection
	GlobalSection(SolutionProperties) = preSolution
		HideSolutionNode = FALSE
	EndGlobalSection
	GlobalSection(ExtensibilityGlobals) = postSolution
		SolutionGuid = {C92C489D-6277-4AA6-9DE9-190672BA4D35}
	EndGlobalSection
EndGlobal
